
Microsoft Visual Studio Solution File, Format Version 12.00
# Visual Studio 2013
VisualStudioVersion = 12.0.31101.0
MinimumVisualStudioVersion = 10.0.40219.1
Project("{2150E333-8FDC-42A3-9474-1A3956D46DE8}") = "Core", "Core", "{7FFFDC64-4DF8-4CCE-B4CA-EFF0ABFB3DC4}"
EndProject
Project("{FAE04EC0-301F-11D3-BF4B-00C04F79EFBC}") = "Ltd.NA.Emlak.Domain", "Core\Ltd.NA.Emlak.Domain\Ltd.NA.Emlak.Domain.csproj", "{B47138C5-FE97-47D1-B328-1FB00F993322}"
EndProject
Project("{2150E333-8FDC-42A3-9474-1A3956D46DE8}") = "Tests", "Tests", "{DE1E2FDF-E78C-4A30-851F-E5291E2E1A23}"
EndProject
Project("{FAE04EC0-301F-11D3-BF4B-00C04F79EFBC}") = "Ltd.NA.Emlak.Domain.Tests", "Tests\Ltd.NA.Emlak.Domain.Tests\Ltd.NA.Emlak.Domain.Tests.csproj", "{FDA4E1BD-D1BE-4C73-AB64-84B805A859E8}"
EndProject
Project("{FAE04EC0-301F-11D3-BF4B-00C04F79EFBC}") = "Ltd.NA.Emlak.Data", "Core\Ltd.NA.Emlak.Data\Ltd.NA.Emlak.Data.csproj", "{C6A3F331-76DB-4308-9A41-12AD34D46A44}"
EndProject
Project("{FAE04EC0-301F-11D3-BF4B-00C04F79EFBC}") = "Ltd.NA.Emlak.Data.Tests", "Tests\Ltd.NA.Emlak.Data.Tests\Ltd.NA.Emlak.Data.Tests.csproj", "{F300ADE6-B459-4619-B955-2C31E3050B45}"
EndProject
Project("{FAE04EC0-301F-11D3-BF4B-00C04F79EFBC}") = "Ltd.NA.Emlak.Queries", "Core\Ltd.NA.Emlak.Queries\Ltd.NA.Emlak.Queries.csproj", "{C42BDFEC-94A3-4706-A216-3B407BB27AEC}"
EndProject
Project("{FAE04EC0-301F-11D3-BF4B-00C04F79EFBC}") = "Ltd.NA.Emlak.Queries.Tests", "Tests\Ltd.NA.Emlak.Queries.Tests\Ltd.NA.Emlak.Queries.Tests.csproj", "{545BAFC1-9BE5-4F98-9BE2-85BE75DBAFD6}"
EndProject
Global
	GlobalSection(SolutionConfigurationPlatforms) = preSolution
		Debug|Any CPU = Debug|Any CPU
		Release|Any CPU = Release|Any CPU
	EndGlobalSection
	GlobalSection(ProjectConfigurationPlatforms) = postSolution
		{B47138C5-FE97-47D1-B328-1FB00F993322}.Debug|Any CPU.ActiveCfg = Debug|Any CPU
		{B47138C5-FE97-47D1-B328-1FB00F993322}.Debug|Any CPU.Build.0 = Debug|Any CPU
		{B47138C5-FE97-47D1-B328-1FB00F993322}.Release|Any CPU.ActiveCfg = Release|Any CPU
		{B47138C5-FE97-47D1-B328-1FB00F993322}.Release|Any CPU.Build.0 = Release|Any CPU
		{FDA4E1BD-D1BE-4C73-AB64-84B805A859E8}.Debug|Any CPU.ActiveCfg = Debug|Any CPU
		{FDA4E1BD-D1BE-4C73-AB64-84B805A859E8}.Debug|Any CPU.Build.0 = Debug|Any CPU
		{FDA4E1BD-D1BE-4C73-AB64-84B805A859E8}.Release|Any CPU.ActiveCfg = Release|Any CPU
		{FDA4E1BD-D1BE-4C73-AB64-84B805A859E8}.Release|Any CPU.Build.0 = Release|Any CPU
		{C6A3F331-76DB-4308-9A41-12AD34D46A44}.Debug|Any CPU.ActiveCfg = Debug|Any CPU
		{C6A3F331-76DB-4308-9A41-12AD34D46A44}.Debug|Any CPU.Build.0 = Debug|Any CPU
		{C6A3F331-76DB-4308-9A41-12AD34D46A44}.Release|Any CPU.ActiveCfg = Release|Any CPU
		{C6A3F331-76DB-4308-9A41-12AD34D46A44}.Release|Any CPU.Build.0 = Release|Any CPU
		{F300ADE6-B459-4619-B955-2C31E3050B45}.Debug|Any CPU.ActiveCfg = Debug|Any CPU
		{F300ADE6-B459-4619-B955-2C31E3050B45}.Debug|Any CPU.Build.0 = Debug|Any CPU
		{F300ADE6-B459-4619-B955-2C31E3050B45}.Release|Any CPU.ActiveCfg = Release|Any CPU
		{F300ADE6-B459-4619-B955-2C31E3050B45}.Release|Any CPU.Build.0 = Release|Any CPU
		{C42BDFEC-94A3-4706-A216-3B407BB27AEC}.Debug|Any CPU.ActiveCfg = Debug|Any CPU
		{C42BDFEC-94A3-4706-A216-3B407BB27AEC}.Debug|Any CPU.Build.0 = Debug|Any CPU
		{C42BDFEC-94A3-4706-A216-3B407BB27AEC}.Release|Any CPU.ActiveCfg = Release|Any CPU
		{C42BDFEC-94A3-4706-A216-3B407BB27AEC}.Release|Any CPU.Build.0 = Release|Any CPU
		{545BAFC1-9BE5-4F98-9BE2-85BE75DBAFD6}.Debug|Any CPU.ActiveCfg = Debug|Any CPU
		{545BAFC1-9BE5-4F98-9BE2-85BE75DBAFD6}.Debug|Any CPU.Build.0 = Debug|Any CPU
		{545BAFC1-9BE5-4F98-9BE2-85BE75DBAFD6}.Release|Any CPU.ActiveCfg = Release|Any CPU
		{545BAFC1-9BE5-4F98-9BE2-85BE75DBAFD6}.Release|Any CPU.Build.0 = Release|Any CPU
	EndGlobalSection
	GlobalSection(SolutionProperties) = preSolution
		HideSolutionNode = FALSE
	EndGlobalSection
	GlobalSection(NestedProjects) = preSolution
		{B47138C5-FE97-47D1-B328-1FB00F993322} = {7FFFDC64-4DF8-4CCE-B4CA-EFF0ABFB3DC4}
		{FDA4E1BD-D1BE-4C73-AB64-84B805A859E8} = {DE1E2FDF-E78C-4A30-851F-E5291E2E1A23}
		{C6A3F331-76DB-4308-9A41-12AD34D46A44} = {7FFFDC64-4DF8-4CCE-B4CA-EFF0ABFB3DC4}
		{F300ADE6-B459-4619-B955-2C31E3050B45} = {DE1E2FDF-E78C-4A30-851F-E5291E2E1A23}
		{C42BDFEC-94A3-4706-A216-3B407BB27AEC} = {7FFFDC64-4DF8-4CCE-B4CA-EFF0ABFB3DC4}
		{545BAFC1-9BE5-4F98-9BE2-85BE75DBAFD6} = {DE1E2FDF-E78C-4A30-851F-E5291E2E1A23}
	EndGlobalSection
EndGlobal
